// !$*UTF8*$!
{
	archiveVersion = 1;
	classes = {
	};
	objectVersion = 50;
	objects = {

/* Begin PBXBuildFile section */
		DE43AC8D24A2B81000233762 /* AppDelegate.swift in Sources */ = {isa = PBXBuildFile; fileRef = DE43AC8C24A2B81000233762 /* AppDelegate.swift */; };
		DE43AC8F24A2B81000233762 /* SceneDelegate.swift in Sources */ = {isa = PBXBuildFile; fileRef = DE43AC8E24A2B81000233762 /* SceneDelegate.swift */; };
		DE43AC9124A2B81000233762 /* ContentView.swift in Sources */ = {isa = PBXBuildFile; fileRef = DE43AC9024A2B81000233762 /* ContentView.swift */; };
		DE43AC9324A2B81200233762 /* Assets.xcassets in Resources */ = {isa = PBXBuildFile; fileRef = DE43AC9224A2B81200233762 /* Assets.xcassets */; };
		DE43AC9624A2B81200233762 /* Preview Assets.xcassets in Resources */ = {isa = PBXBuildFile; fileRef = DE43AC9524A2B81200233762 /* Preview Assets.xcassets */; };
		DE43AC9924A2B81200233762 /* LaunchScreen.storyboard in Resources */ = {isa = PBXBuildFile; fileRef = DE43AC9724A2B81200233762 /* LaunchScreen.storyboard */; };
/* End PBXBuildFile section */

/* Begin PBXFileReference section */
		DE43AC8924A2B81000233762 /* Swiftui slot machine.app */ = {isa = PBXFileReference; explicitFileType = wrapper.application; includeInIndex = 0; path = "Swiftui slot machine.app"; sourceTree = BUILT_PRODUCTS_DIR; };
		DE43AC8C24A2B81000233762 /* AppDelegate.swift */ = {isa = PBXFileReference; lastKnownFileType = sourcecode.swift; path = AppDelegate.swift; sourceTree = "<group>"; };
		DE43AC8E24A2B81000233762 /* SceneDelegate.swift */ = {isa = PBXFileReference; lastKnownFileType = sourcecode.swift; path = SceneDelegate.swift; sourceTree = "<group>"; };
		DE43AC9024A2B81000233762 /* ContentView.swift */ = {isa = PBXFileReference; lastKnownFileType = sourcecode.swift; path = ContentView.swift; sourceTree = "<group>"; };
		DE43AC9224A2B81200233762 /* Assets.xcassets */ = {isa = PBXFileReference; lastKnownFileType = folder.assetcatalog; path = Assets.xcassets; sourceTree = "<group>"; };
		DE43AC9524A2B81200233762 /* Preview Assets.xcassets */ = {isa = PBXFileReference; lastKnownFileType = folder.assetcatalog; path = "Preview Assets.xcassets"; sourceTree = "<group>"; };
		DE43AC9824A2B81200233762 /* Base */ = {isa = PBXFileReference; lastKnownFileType = file.storyboard; name = Base; path = Base.lproj/LaunchScreen.storyboard; sourceTree = "<group>"; };
		DE43AC9A24A2B81200233762 /* Info.plist */ = {isa = PBXFileReference; lastKnownFileType = text.plist.xml; path = Info.plist; sourceTree = "<group>"; };
/* End PBXFileReference section */

/* Begin PBXFrameworksBuildPhase section */
		DE43AC8624A2B81000233762 /* Frameworks */ = {
			isa = PBXFrameworksBuildPhase;
			buildActionMask = 2147483647;
			files = (
			);
			runOnlyForDeploymentPostprocessing = 0;
		};
/* End PBXFrameworksBuildPhase section */

/* Begin PBXGroup section */
		DE43AC8024A2B81000233762 = {
			isa = PBXGroup;
			children = (
				DE43AC8B24A2B81000233762 /* Swiftui slot machine */,
				DE43AC8A24A2B81000233762 /* Products */,
			);
			sourceTree = "<group>";
		};
		DE43AC8A24A2B81000233762 /* Products */ = {
			isa = PBXGroup;
			children = (
				DE43AC8924A2B81000233762 /* Swiftui slot machine.app */,
			);
			name = Products;
			sourceTree = "<group>";
		};
		DE43AC8B24A2B81000233762 /* Swiftui slot machine */ = {
			isa = PBXGroup;
			children = (
				DE43AC8C24A2B81000233762 /* AppDelegate.swift */,
				DE43AC8E24A2B81000233762 /* SceneDelegate.swift */,
				DE43AC9024A2B81000233762 /* ContentView.swift */,
				DE43AC9224A2B81200233762 /* Assets.xcassets */,
				DE43AC9724A2B81200233762 /* LaunchScreen.storyboard */,
				DE43AC9A24A2B81200233762 /* Info.plist */,
				DE43AC9424A2B81200233762 /* Preview Content */,
			);
			path = "Swiftui slot machine";
			sourceTree = "<group>";
		};
		DE43AC9424A2B81200233762 /* Preview Content */ = {
			isa = PBXGroup;
			children = (
				DE43AC9524A2B81200233762 /* Preview Assets.xcassets */,
			);
			path = "Preview Content";
			sourceTree = "<group>";
		};
/* End PBXGroup section */

/* Begin PBXNativeTarget section */
		DE43AC8824A2B81000233762 /* Swiftui slot machine */ = {
			isa = PBXNativeTarget;
			buildConfigurationList = DE43AC9D24A2B81200233762 /* Build configuration list for PBXNativeTarget "Swiftui slot machine" */;
			buildPhases = (
				DE43AC8524A2B81000233762 /* Sources */,
				DE43AC8624A2B81000233762 /* Frameworks */,
				DE43AC8724A2B81000233762 /* Resources */,
			);
			buildRules = (
			);
			dependencies = (
			);
			name = "Swiftui slot machine";
			productName = "Swiftui slot machine";
			productReference = DE43AC8924A2B81000233762 /* Swiftui slot machine.app */;
			productType = "com.apple.product-type.application";
		};
/* End PBXNativeTarget section */

/* Begin PBXProject section */
		DE43AC8124A2B81000233762 /* Project object */ = {
			isa = PBXProject;
			attributes = {
				LastSwiftUpdateCheck = 1150;
				LastUpgradeCheck = 1150;
				ORGANIZATIONNAME = "Aidan Middleton";
				TargetAttributes = {
					DE43AC8824A2B81000233762 = {
						CreatedOnToolsVersion = 11.5;
					};
				};
			};
			buildConfigurationList = DE43AC8424A2B81000233762 /* Build configuration list for PBXProject "Swiftui slot machine" */;
			compatibilityVersion = "Xcode 9.3";
			developmentRegion = en;
			hasScannedForEncodings = 0;
			knownRegions = (
				en,
				Base,
			);
			mainGroup = DE43AC8024A2B81000233762;
			productRefGroup = DE43AC8A24A2B81000233762 /* Products */;
			projectDirPath = "";
			projectRoot = "";
			targets = (
				DE43AC8824A2B81000233762 /* Swiftui slot machine */,
			);
		};
/* End PBXProject section */

/* Begin PBXResourcesBuildPhase section */
		DE43AC8724A2B81000233762 /* Resources */ = {
			isa = PBXResourcesBuildPhase;
			buildActionMask = 2147483647;
			files = (
				DE43AC9924A2B81200233762 /* LaunchScreen.storyboard in Resources */,
				DE43AC9624A2B81200233762 /* Preview Assets.xcassets in Resources */,
				DE43AC9324A2B81200233762 /* Assets.xcassets in Resources */,
			);
			runOnlyForDeploymentPostprocessing = 0;
		};
/* End PBXResourcesBuildPhase section */

/* Begin PBXSourcesBuildPhase section */
		DE43AC8524A2B81000233762 /* Sources */ = {
			isa = PBXSourcesBuildPhase;
			buildActionMask = 2147483647;
			files = (
				DE43AC8D24A2B81000233762 /* AppDelegate.swift in Sources */,
				DE43AC8F24A2B81000233762 /* SceneDelegate.swift in Sources */,
				DE43AC9124A2B81000233762 /* ContentView.swift in Sources */,
			);
			runOnlyForDeploymentPostprocessing = 0;
		};
/* End PBXSourcesBuildPhase section */

/* Begin PBXVariantGroup section */
		DE43AC9724A2B81200233762 /* LaunchScreen.storyboard */ = {
			isa = PBXVariantGroup;
			children = (
				DE43AC9824A2B81200233762 /* Base */,
			);
			name = LaunchScreen.storyboard;
			sourceTree = "<group>";
		};
/* End PBXVariantGroup section */

/* Begin XCBuildConfiguration section */
		DE43AC9B24A2B81200233762 /* Debug */ = {
			isa = XCBuildConfiguration;
			buildSettings = {
				ALWAYS_SEARCH_USER_PATHS = NO;
				CLANG_ANALYZER_NONNULL = YES;
				CLANG_ANALYZER_NUMBER_OBJECT_CONVERSION = YES_AGGRESSIVE;
				CLANG_CXX_LANGUAGE_STANDARD = "gnu++14";
				CLANG_CXX_LIBRARY = "libc++";
				CLANG_ENABLE_MODULES = YES;
				CLANG_ENABLE_OBJC_ARC = YES;
				CLANG_ENABLE_OBJC_WEAK = YES;
				CLANG_WARN_BLOCK_CAPTURE_AUTORELEASING = YES;
				CLANG_WARN_BOOL_CONVERSION = YES;
				CLANG_WARN_COMMA = YES;
				CLANG_WARN_CONSTANT_CONVERSION = YES;
				CLANG_WARN_DEPRECATED_OBJC_IMPLEMENTATIONS = YES;
				CLANG_WARN_DIRECT_OBJC_ISA_USAGE = YES_ERROR;
				CLANG_WARN_DOCUMENTATION_COMMENTS = YES;
				CLANG_WARN_EMPTY_BODY = YES;
				CLANG_WARN_ENUM_CONVERSION = YES;
				CLANG_WARN_INFINITE_RECURSION = YES;
				CLANG_WARN_INT_CONVERSION = YES;
				CLANG_WARN_NON_LITERAL_NULL_CONVERSION = YES;
				CLANG_WARN_OBJC_IMPLICIT_RETAIN_SELF = YES;
				CLANG_WARN_OBJC_LITERAL_CONVERSION = YES;
				CLANG_WARN_OBJC_ROOT_CLASS = YES_ERROR;
				CLANG_WARN_RANGE_LOOP_ANALYSIS = YES;
				CLANG_WARN_STRICT_PROTOTYPES = YES;
				CLANG_WARN_SUSPICIOUS_MOVE = YES;
				CLANG_WARN_UNGUARDED_AVAILABILITY = YES_AGGRESSIVE;
				CLANG_WARN_UNREACHABLE_CODE = YES;
				CLANG_WARN__DUPLICATE_METHOD_MATCH = YES;
				COPY_PHASE_STRIP = NO;
				DEBUG_INFORMATION_FORMAT = dwarf;
				ENABLE_STRICT_OBJC_MSGSEND = YES;
				ENABLE_TESTABILITY = YES;
				GCC_C_LANGUAGE_STANDARD = gnu11;
				GCC_DYNAMIC_NO_PIC = NO;
				GCC_NO_COMMON_BLOCKS = YES;
				GCC_OPTIMIZATION_LEVEL = 0;
				GCC_PREPROCESSOR_DEFINITIONS = (
					"DEBUG=1",
					"$(inherited)",
				);
				GCC_WARN_64_TO_32_BIT_CONVERSION = YES;
				GCC_WARN_ABOUT_RETURN_TYPE = YES_ERROR;
				GCC_WARN_UNDECLARED_SELECTOR = YES;
				GCC_WARN_UNINITIALIZED_AUTOS = YES_AGGRESSIVE;
				GCC_WARN_UNUSED_FUNCTION = YES;
				GCC_WARN_UNUSED_VARIABLE = YES;
				IPHONEOS_DEPLOYMENT_TARGET = 13.5;
				MTL_ENABLE_DEBUG_INFO = INCLUDE_SOURCE;
				MTL_FAST_MATH = YES;
				ONLY_ACTIVE_ARCH = YES;
				SDKROOT = iphoneos;
				SWIFT_ACTIVE_COMPILATION_CONDITIONS = DEBUG;
				SWIFT_OPTIMIZATION_LEVEL = "-Onone";
			};
			name = Debug;
		};
		DE43AC9C24A2B81200233762 /* Release */ = {
			isa = XCBuildConfiguration;
			buildSettings = {
				ALWAYS_SEARCH_USER_PATHS = NO;
				CLANG_ANALYZER_NONNULL = YES;
				CLANG_ANALYZER_NUMBER_OBJECT_CONVERSION = YES_AGGRESSIVE;
				CLANG_CXX_LANGUAGE_STANDARD = "gnu++14";
				CLANG_CXX_LIBRARY = "libc++";
				CLANG_ENABLE_MODULES = YES;
				CLANG_ENABLE_OBJC_ARC = YES;
				CLANG_ENABLE_OBJC_WEAK = YES;
				CLANG_WARN_BLOCK_CAPTURE_AUTORELEASING = YES;
				CLANG_WARN_BOOL_CONVERSION = YES;
				CLANG_WARN_COMMA = YES;
				CLANG_WARN_CONSTANT_CONVERSION = YES;
				CLANG_WARN_DEPRECATED_OBJC_IMPLEMENTATIONS = YES;
				CLANG_WARN_DIRECT_OBJC_ISA_USAGE = YES_ERROR;
				CLANG_WARN_DOCUMENTATION_COMMENTS = YES;
				CLANG_WARN_EMPTY_BODY = YES;
				CLANG_WARN_ENUM_CONVERSION = YES;
				CLANG_WARN_INFINITE_RECURSION = YES;
				CLANG_WARN_INT_CONVERSION = YES;
				CLANG_WARN_NON_LITERAL_NULL_CONVERSION = YES;
				CLANG_WARN_OBJC_IMPLICIT_RETAIN_SELF = YES;
				CLANG_WARN_OBJC_LITERAL_CONVERSION = YES;
				CLANG_WARN_OBJC_ROOT_CLASS = YES_ERROR;
				CLANG_WARN_RANGE_LOOP_ANALYSIS = YES;
				CLANG_WARN_STRICT_PROTOTYPES = YES;
				CLANG_WARN_SUSPICIOUS_MOVE = YES;
				CLANG_WARN_UNGUARDED_AVAILABILITY = YES_AGGRESSIVE;
				CLANG_WARN_UNREACHABLE_CODE = YES;
				CLANG_WARN__DUPLICATE_METHOD_MATCH = YES;
				COPY_PHASE_STRIP = NO;
				DEBUG_INFORMATION_FORMAT = "dwarf-with-dsym";
				ENABLE_NS_ASSERTIONS = NO;
				ENABLE_STRICT_OBJC_MSGSEND = YES;
				GCC_C_LANGUAGE_STANDARD = gnu11;
				GCC_NO_COMMON_BLOCKS = YES;
				GCC_WARN_64_TO_32_BIT_CONVERSION = YES;
				GCC_WARN_ABOUT_RETURN_TYPE = YES_ERROR;
				GCC_WARN_UNDECLARED_SELECTOR = YES;
				GCC_WARN_UNINITIALIZED_AUTOS = YES_AGGRESSIVE;
				GCC_WARN_UNUSED_FUNCTION = YES;
				GCC_WARN_UNUSED_VARIABLE = YES;
				IPHONEOS_DEPLOYMENT_TARGET = 13.5;
				MTL_ENABLE_DEBUG_INFO = NO;
				MTL_FAST_MATH = YES;
				SDKROOT = iphoneos;
				SWIFT_COMPILATION_MODE = wholemodule;
				SWIFT_OPTIMIZATION_LEVEL = "-O";
				VALIDATE_PRODUCT = YES;
			};
			name = Release;
		};
		DE43AC9E24A2B81200233762 /* Debug */ = {
			isa = XCBuildConfiguration;
			buildSettings = {
				ASSETCATALOG_COMPILER_APPICON_NAME = AppIcon;
				CODE_SIGN_STYLE = Automatic;
				DEVELOPMENT_ASSET_PATHS = "\"Swiftui slot machine/Preview Content\"";
				ENABLE_PREVIEWS = YES;
				INFOPLIST_FILE = "Swiftui slot machine/Info.plist";
				LD_RUNPATH_SEARCH_PATHS = (
					"$(inherited)",
					"@executable_path/Frameworks",
				);
				PRODUCT_BUNDLE_IDENTIFIER = "Middleton.Swiftui-slot-machine";
				PRODUCT_NAME = "$(TARGET_NAME)";
				SWIFT_VERSION = 5.0;
				TARGETED_DEVICE_FAMILY = "1,2";
			};
			name = Debug;
		};
		DE43AC9F24A2B81200233762 /* Release */ = {
			isa = XCBuildConfiguration;
			buildSettings = {
				ASSETCATALOG_COMPILER_APPICON_NAME = AppIcon;
				CODE_SIGN_STYLE = Automatic;
				DEVELOPMENT_ASSET_PATHS = "\"Swiftui slot machine/Preview Content\"";
				ENABLE_PREVIEWS = YES;
				INFOPLIST_FILE = "Swiftui slot machine/Info.plist";
				LD_RUNPATH_SEARCH_PATHS = (
					"$(inherited)",
					"@executable_path/Frameworks",
				);
				PRODUCT_BUNDLE_IDENTIFIER = "Middleton.Swiftui-slot-machine";
				PRODUCT_NAME = "$(TARGET_NAME)";
				SWIFT_VERSION = 5.0;
				TARGETED_DEVICE_FAMILY = "1,2";
			};
			name = Release;
		};
/* End XCBuildConfiguration section */

/* Begin XCConfigurationList section */
		DE43AC8424A2B81000233762 /* Build configuration list for PBXProject "Swiftui slot machine" */ = {
			isa = XCConfigurationList;
			buildConfigurations = (
				DE43AC9B24A2B81200233762 /* Debug */,
				DE43AC9C24A2B81200233762 /* Release */,
			);
			defaultConfigurationIsVisible = 0;
			defaultConfigurationName = Release;
		};
		DE43AC9D24A2B81200233762 /* Build configuration list for PBXNativeTarget "Swiftui slot machine" */ = {
			isa = XCConfigurationList;
			buildConfigurations = (
				DE43AC9E24A2B81200233762 /* Debug */,
				DE43AC9F24A2B81200233762 /* Release */,
			);
			defaultConfigurationIsVisible = 0;
			defaultConfigurationName = Release;
		};
/* End XCConfigurationList section */
	};
	rootObject = DE43AC8124A2B81000233762 /* Project object */;
}
